
Microsoft Visual Studio Solution File, Format Version 12.00
# Visual Studio Version 16
VisualStudioVersion = 16.0.33214.272
MinimumVisualStudioVersion = 10.0.40219.1
Project("{FAE04EC0-301F-11D3-BF4B-00C04F79EFBC}") = "example.0", "example.0\example.0.csproj", "{041B8356-3677-42E7-B171-58E60D1A4348}"
EndProject
Global
	GlobalSection(SolutionConfigurationPlatforms) = preSolution
		Debug|Any CPU = Debug|Any CPU
		Release|Any CPU = Release|Any CPU
	EndGlobalSection
	GlobalSection(ProjectConfigurationPlatforms) = postSolution
		{041B8356-3677-42E7-B171-58E60D1A4348}.Debug|Any CPU.ActiveCfg = Debug|Any CPU
		{041B8356-3677-42E7-B171-58E60D1A4348}.Debug|Any CPU.Build.0 = Debug|Any CPU
		{041B8356-3677-42E7-B171-58E60D1A4348}.Release|Any CPU.ActiveCfg = Release|Any CPU
		{041B8356-3677-42E7-B171-58E60D1A4348}.Release|Any CPU.Build.0 = Release|Any CPU
	EndGlobalSection
	GlobalSection(SolutionProperties) = preSolution
		HideSolutionNode = FALSE
	EndGlobalSection
	GlobalSection(ExtensibilityGlobals) = postSolution
		SolutionGuid = {4681FCD8-55BD-4551-B938-339C1E6BFABB}
	EndGlobalSection
EndGlobal
